
Microsoft Visual Studio Solution File, Format Version 12.00
# Visual Studio Version 17
VisualStudioVersion = 17.11.35303.130
MinimumVisualStudioVersion = 10.0.40219.1
Project("{FAE04EC0-301F-11D3-BF4B-00C04F79EFBC}") = "AsistUni", "AsistUni\AsistUni.csproj", "{2EF42C8D-01BB-4CEF-A743-BF539B0AF243}"
EndProject
Global
	GlobalSection(SolutionConfigurationPlatforms) = preSolution
		Debug|Any CPU = Debug|Any CPU
		Release|Any CPU = Release|Any CPU
	EndGlobalSection
	GlobalSection(ProjectConfigurationPlatforms) = postSolution
		{2EF42C8D-01BB-4CEF-A743-BF539B0AF243}.Debug|Any CPU.ActiveCfg = Debug|Any CPU
		{2EF42C8D-01BB-4CEF-A743-BF539B0AF243}.Debug|Any CPU.Build.0 = Debug|Any CPU
		{2EF42C8D-01BB-4CEF-A743-BF539B0AF243}.Release|Any CPU.ActiveCfg = Release|Any CPU
		{2EF42C8D-01BB-4CEF-A743-BF539B0AF243}.Release|Any CPU.Build.0 = Release|Any CPU
	EndGlobalSection
	GlobalSection(SolutionProperties) = preSolution
		HideSolutionNode = FALSE
	EndGlobalSection
	GlobalSection(ExtensibilityGlobals) = postSolution
		SolutionGuid = {5518E042-2D42-46A6-95AA-85427C0AE111}
	EndGlobalSection
EndGlobal
